// !$*UTF8*$!
{
	archiveVersion = 1;
	classes = {
	};
	objectVersion = 46;
	objects = {

/* Begin PBXBuildFile section */
		55114DD21C7F55630071F3AA /* AppDelegate.swift in Sources */ = {isa = PBXBuildFile; fileRef = 55114DD11C7F55630071F3AA /* AppDelegate.swift */; };
		55114DD41C7F55630071F3AA /* ViewController.swift in Sources */ = {isa = PBXBuildFile; fileRef = 55114DD31C7F55630071F3AA /* ViewController.swift */; };
		55114DD71C7F55640071F3AA /* Main.storyboard in Resources */ = {isa = PBXBuildFile; fileRef = 55114DD51C7F55640071F3AA /* Main.storyboard */; };
		55114DD91C7F55640071F3AA /* Assets.xcassets in Resources */ = {isa = PBXBuildFile; fileRef = 55114DD81C7F55640071F3AA /* Assets.xcassets */; };
		55114DDC1C7F55640071F3AA /* LaunchScreen.storyboard in Resources */ = {isa = PBXBuildFile; fileRef = 55114DDA1C7F55640071F3AA /* LaunchScreen.storyboard */; };
		55114DE71C7F55640071F3AA /* movin_onTests.swift in Sources */ = {isa = PBXBuildFile; fileRef = 55114DE61C7F55640071F3AA /* movin_onTests.swift */; };
		55114DF21C7F55640071F3AA /* movin_onUITests.swift in Sources */ = {isa = PBXBuildFile; fileRef = 55114DF11C7F55640071F3AA /* movin_onUITests.swift */; };
		55114E001C7F62D50071F3AA /* movinon-webfont.ttf in Resources */ = {isa = PBXBuildFile; fileRef = 55114DFF1C7F62D50071F3AA /* movinon-webfont.ttf */; };
/* End PBXBuildFile section */

/* Begin PBXContainerItemProxy section */
		55114DE31C7F55640071F3AA /* PBXContainerItemProxy */ = {
			isa = PBXContainerItemProxy;
			containerPortal = 55114DC61C7F55630071F3AA /* Project object */;
			proxyType = 1;
			remoteGlobalIDString = 55114DCD1C7F55630071F3AA;
			remoteInfo = movin_on;
		};
		55114DEE1C7F55640071F3AA /* PBXContainerItemProxy */ = {
			isa = PBXContainerItemProxy;
			containerPortal = 55114DC61C7F55630071F3AA /* Project object */;
			proxyType = 1;
			remoteGlobalIDString = 55114DCD1C7F55630071F3AA;
			remoteInfo = movin_on;
		};
/* End PBXContainerItemProxy section */

/* Begin PBXFileReference section */
		55114DCE1C7F55630071F3AA /* movin_on.app */ = {isa = PBXFileReference; explicitFileType = wrapper.application; includeInIndex = 0; path = movin_on.app; sourceTree = BUILT_PRODUCTS_DIR; };
		55114DD11C7F55630071F3AA /* AppDelegate.swift */ = {isa = PBXFileReference; lastKnownFileType = sourcecode.swift; path = AppDelegate.swift; sourceTree = "<group>"; };
		55114DD31C7F55630071F3AA /* ViewController.swift */ = {isa = PBXFileReference; lastKnownFileType = sourcecode.swift; path = ViewController.swift; sourceTree = "<group>"; };
		55114DD61C7F55640071F3AA /* Base */ = {isa = PBXFileReference; lastKnownFileType = file.storyboard; name = Base; path = Base.lproj/Main.storyboard; sourceTree = "<group>"; };
		55114DD81C7F55640071F3AA /* Assets.xcassets */ = {isa = PBXFileReference; lastKnownFileType = folder.assetcatalog; name = Assets.xcassets; path = movin_on/Assets.xcassets; sourceTree = "<group>"; };
		55114DDB1C7F55640071F3AA /* Base */ = {isa = PBXFileReference; lastKnownFileType = file.storyboard; name = Base; path = Base.lproj/LaunchScreen.storyboard; sourceTree = "<group>"; };
		55114DDD1C7F55640071F3AA /* Info.plist */ = {isa = PBXFileReference; lastKnownFileType = text.plist.xml; path = Info.plist; sourceTree = "<group>"; };
		55114DE21C7F55640071F3AA /* movin_onTests.xctest */ = {isa = PBXFileReference; explicitFileType = wrapper.cfbundle; includeInIndex = 0; path = movin_onTests.xctest; sourceTree = BUILT_PRODUCTS_DIR; };
		55114DE61C7F55640071F3AA /* movin_onTests.swift */ = {isa = PBXFileReference; lastKnownFileType = sourcecode.swift; path = movin_onTests.swift; sourceTree = "<group>"; };
		55114DE81C7F55640071F3AA /* Info.plist */ = {isa = PBXFileReference; lastKnownFileType = text.plist.xml; path = Info.plist; sourceTree = "<group>"; };
		55114DED1C7F55640071F3AA /* movin_onUITests.xctest */ = {isa = PBXFileReference; explicitFileType = wrapper.cfbundle; includeInIndex = 0; path = movin_onUITests.xctest; sourceTree = BUILT_PRODUCTS_DIR; };
		55114DF11C7F55640071F3AA /* movin_onUITests.swift */ = {isa = PBXFileReference; lastKnownFileType = sourcecode.swift; path = movin_onUITests.swift; sourceTree = "<group>"; };
		55114DF31C7F55640071F3AA /* Info.plist */ = {isa = PBXFileReference; lastKnownFileType = text.plist.xml; path = Info.plist; sourceTree = "<group>"; };
		55114DFF1C7F62D50071F3AA /* movinon-webfont.ttf */ = {isa = PBXFileReference; lastKnownFileType = file; name = "movinon-webfont.ttf"; path = "resources/movinon-webfont.ttf"; sourceTree = SOURCE_ROOT; };
/* End PBXFileReference section */

/* Begin PBXFrameworksBuildPhase section */
		55114DCB1C7F55630071F3AA /* Frameworks */ = {
			isa = PBXFrameworksBuildPhase;
			buildActionMask = 2147483647;
			files = (
			);
			runOnlyForDeploymentPostprocessing = 0;
		};
		55114DDF1C7F55640071F3AA /* Frameworks */ = {
			isa = PBXFrameworksBuildPhase;
			buildActionMask = 2147483647;
			files = (
			);
			runOnlyForDeploymentPostprocessing = 0;
		};
		55114DEA1C7F55640071F3AA /* Frameworks */ = {
			isa = PBXFrameworksBuildPhase;
			buildActionMask = 2147483647;
			files = (
			);
			runOnlyForDeploymentPostprocessing = 0;
		};
/* End PBXFrameworksBuildPhase section */

/* Begin PBXGroup section */
		55114DC51C7F55630071F3AA = {
			isa = PBXGroup;
			children = (
				55114E011C7F62F20071F3AA /* resources */,
				55114DD01C7F55630071F3AA /* movin_on */,
				55114DE51C7F55640071F3AA /* movin_onTests */,
				55114DF01C7F55640071F3AA /* movin_onUITests */,
				55114DCF1C7F55630071F3AA /* Products */,
			);
			sourceTree = "<group>";
		};
		55114DCF1C7F55630071F3AA /* Products */ = {
			isa = PBXGroup;
			children = (
				55114DCE1C7F55630071F3AA /* movin_on.app */,
				55114DE21C7F55640071F3AA /* movin_onTests.xctest */,
				55114DED1C7F55640071F3AA /* movin_onUITests.xctest */,
			);
			name = Products;
			sourceTree = "<group>";
		};
		55114DD01C7F55630071F3AA /* movin_on */ = {
			isa = PBXGroup;
			children = (
				55114DD11C7F55630071F3AA /* AppDelegate.swift */,
				55114DD31C7F55630071F3AA /* ViewController.swift */,
				55114DD51C7F55640071F3AA /* Main.storyboard */,
				55114DDA1C7F55640071F3AA /* LaunchScreen.storyboard */,
				55114DDD1C7F55640071F3AA /* Info.plist */,
			);
			path = movin_on;
			sourceTree = "<group>";
		};
		55114DE51C7F55640071F3AA /* movin_onTests */ = {
			isa = PBXGroup;
			children = (
				55114DE61C7F55640071F3AA /* movin_onTests.swift */,
				55114DE81C7F55640071F3AA /* Info.plist */,
			);
			path = movin_onTests;
			sourceTree = "<group>";
		};
		55114DF01C7F55640071F3AA /* movin_onUITests */ = {
			isa = PBXGroup;
			children = (
				55114DF11C7F55640071F3AA /* movin_onUITests.swift */,
				55114DF31C7F55640071F3AA /* Info.plist */,
			);
			path = movin_onUITests;
			sourceTree = "<group>";
		};
		55114E011C7F62F20071F3AA /* resources */ = {
			isa = PBXGroup;
			children = (
				55114DD81C7F55640071F3AA /* Assets.xcassets */,
				55114DFF1C7F62D50071F3AA /* movinon-webfont.ttf */,
			);
			name = resources;
			sourceTree = "<group>";
		};
/* End PBXGroup section */

/* Begin PBXNativeTarget section */
		55114DCD1C7F55630071F3AA /* movin_on */ = {
			isa = PBXNativeTarget;
			buildConfigurationList = 55114DF61C7F55640071F3AA /* Build configuration list for PBXNativeTarget "movin_on" */;
			buildPhases = (
				55114DCA1C7F55630071F3AA /* Sources */,
				55114DCB1C7F55630071F3AA /* Frameworks */,
				55114DCC1C7F55630071F3AA /* Resources */,
			);
			buildRules = (
			);
			dependencies = (
			);
			name = movin_on;
			productName = movin_on;
			productReference = 55114DCE1C7F55630071F3AA /* movin_on.app */;
			productType = "com.apple.product-type.application";
		};
		55114DE11C7F55640071F3AA /* movin_onTests */ = {
			isa = PBXNativeTarget;
			buildConfigurationList = 55114DF91C7F55640071F3AA /* Build configuration list for PBXNativeTarget "movin_onTests" */;
			buildPhases = (
				55114DDE1C7F55640071F3AA /* Sources */,
				55114DDF1C7F55640071F3AA /* Frameworks */,
				55114DE01C7F55640071F3AA /* Resources */,
			);
			buildRules = (
			);
			dependencies = (
				55114DE41C7F55640071F3AA /* PBXTargetDependency */,
			);
			name = movin_onTests;
			productName = movin_onTests;
			productReference = 55114DE21C7F55640071F3AA /* movin_onTests.xctest */;
			productType = "com.apple.product-type.bundle.unit-test";
		};
		55114DEC1C7F55640071F3AA /* movin_onUITests */ = {
			isa = PBXNativeTarget;
			buildConfigurationList = 55114DFC1C7F55640071F3AA /* Build configuration list for PBXNativeTarget "movin_onUITests" */;
			buildPhases = (
				55114DE91C7F55640071F3AA /* Sources */,
				55114DEA1C7F55640071F3AA /* Frameworks */,
				55114DEB1C7F55640071F3AA /* Resources */,
			);
			buildRules = (
			);
			dependencies = (
				55114DEF1C7F55640071F3AA /* PBXTargetDependency */,
			);
			name = movin_onUITests;
			productName = movin_onUITests;
			productReference = 55114DED1C7F55640071F3AA /* movin_onUITests.xctest */;
			productType = "com.apple.product-type.bundle.ui-testing";
		};
/* End PBXNativeTarget section */

/* Begin PBXProject section */
		55114DC61C7F55630071F3AA /* Project object */ = {
			isa = PBXProject;
			attributes = {
				LastSwiftUpdateCheck = 0720;
				LastUpgradeCheck = 0720;
				ORGANIZATIONNAME = vincelandis;
				TargetAttributes = {
					55114DCD1C7F55630071F3AA = {
						CreatedOnToolsVersion = 7.2.1;
						DevelopmentTeam = 7TTG94HDYP;
					};
					55114DE11C7F55640071F3AA = {
						CreatedOnToolsVersion = 7.2.1;
						TestTargetID = 55114DCD1C7F55630071F3AA;
					};
					55114DEC1C7F55640071F3AA = {
						CreatedOnToolsVersion = 7.2.1;
						TestTargetID = 55114DCD1C7F55630071F3AA;
					};
				};
			};
			buildConfigurationList = 55114DC91C7F55630071F3AA /* Build configuration list for PBXProject "movin_on" */;
			compatibilityVersion = "Xcode 3.2";
			developmentRegion = English;
			hasScannedForEncodings = 0;
			knownRegions = (
				en,
				Base,
			);
			mainGroup = 55114DC51C7F55630071F3AA;
			productRefGroup = 55114DCF1C7F55630071F3AA /* Products */;
			projectDirPath = "";
			projectRoot = "";
			targets = (
				55114DCD1C7F55630071F3AA /* movin_on */,
				55114DE11C7F55640071F3AA /* movin_onTests */,
				55114DEC1C7F55640071F3AA /* movin_onUITests */,
			);
		};
/* End PBXProject section */

/* Begin PBXResourcesBuildPhase section */
		55114DCC1C7F55630071F3AA /* Resources */ = {
			isa = PBXResourcesBuildPhase;
			buildActionMask = 2147483647;
			files = (
				55114DDC1C7F55640071F3AA /* LaunchScreen.storyboard in Resources */,
				55114DD91C7F55640071F3AA /* Assets.xcassets in Resources */,
				55114DD71C7F55640071F3AA /* Main.storyboard in Resources */,
				55114E001C7F62D50071F3AA /* movinon-webfont.ttf in Resources */,
			);
			runOnlyForDeploymentPostprocessing = 0;
		};
		55114DE01C7F55640071F3AA /* Resources */ = {
			isa = PBXResourcesBuildPhase;
			buildActionMask = 2147483647;
			files = (
			);
			runOnlyForDeploymentPostprocessing = 0;
		};
		55114DEB1C7F55640071F3AA /* Resources */ = {
			isa = PBXResourcesBuildPhase;
			buildActionMask = 2147483647;
			files = (
			);
			runOnlyForDeploymentPostprocessing = 0;
		};
/* End PBXResourcesBuildPhase section */

/* Begin PBXSourcesBuildPhase section */
		55114DCA1C7F55630071F3AA /* Sources */ = {
			isa = PBXSourcesBuildPhase;
			buildActionMask = 2147483647;
			files = (
				55114DD41C7F55630071F3AA /* ViewController.swift in Sources */,
				55114DD21C7F55630071F3AA /* AppDelegate.swift in Sources */,
			);
			runOnlyForDeploymentPostprocessing = 0;
		};
		55114DDE1C7F55640071F3AA /* Sources */ = {
			isa = PBXSourcesBuildPhase;
			buildActionMask = 2147483647;
			files = (
				55114DE71C7F55640071F3AA /* movin_onTests.swift in Sources */,
			);
			runOnlyForDeploymentPostprocessing = 0;
		};
		55114DE91C7F55640071F3AA /* Sources */ = {
			isa = PBXSourcesBuildPhase;
			buildActionMask = 2147483647;
			files = (
				55114DF21C7F55640071F3AA /* movin_onUITests.swift in Sources */,
			);
			runOnlyForDeploymentPostprocessing = 0;
		};
/* End PBXSourcesBuildPhase section */

/* Begin PBXTargetDependency section */
		55114DE41C7F55640071F3AA /* PBXTargetDependency */ = {
			isa = PBXTargetDependency;
			target = 55114DCD1C7F55630071F3AA /* movin_on */;
			targetProxy = 55114DE31C7F55640071F3AA /* PBXContainerItemProxy */;
		};
		55114DEF1C7F55640071F3AA /* PBXTargetDependency */ = {
			isa = PBXTargetDependency;
			target = 55114DCD1C7F55630071F3AA /* movin_on */;
			targetProxy = 55114DEE1C7F55640071F3AA /* PBXContainerItemProxy */;
		};
/* End PBXTargetDependency section */

/* Begin PBXVariantGroup section */
		55114DD51C7F55640071F3AA /* Main.storyboard */ = {
			isa = PBXVariantGroup;
			children = (
				55114DD61C7F55640071F3AA /* Base */,
			);
			name = Main.storyboard;
			sourceTree = "<group>";
		};
		55114DDA1C7F55640071F3AA /* LaunchScreen.storyboard */ = {
			isa = PBXVariantGroup;
			children = (
				55114DDB1C7F55640071F3AA /* Base */,
			);
			name = LaunchScreen.storyboard;
			sourceTree = "<group>";
		};
/* End PBXVariantGroup section */

/* Begin XCBuildConfiguration section */
		55114DF41C7F55640071F3AA /* Debug */ = {
			isa = XCBuildConfiguration;
			buildSettings = {
				ALWAYS_SEARCH_USER_PATHS = NO;
				CLANG_CXX_LANGUAGE_STANDARD = "gnu++0x";
				CLANG_CXX_LIBRARY = "libc++";
				CLANG_ENABLE_MODULES = YES;
				CLANG_ENABLE_OBJC_ARC = YES;
				CLANG_WARN_BOOL_CONVERSION = YES;
				CLANG_WARN_CONSTANT_CONVERSION = YES;
				CLANG_WARN_DIRECT_OBJC_ISA_USAGE = YES_ERROR;
				CLANG_WARN_EMPTY_BODY = YES;
				CLANG_WARN_ENUM_CONVERSION = YES;
				CLANG_WARN_INT_CONVERSION = YES;
				CLANG_WARN_OBJC_ROOT_CLASS = YES_ERROR;
				CLANG_WARN_UNREACHABLE_CODE = YES;
				CLANG_WARN__DUPLICATE_METHOD_MATCH = YES;
				"CODE_SIGN_IDENTITY[sdk=iphoneos*]" = "iPhone Developer";
				COPY_PHASE_STRIP = NO;
				DEBUG_INFORMATION_FORMAT = dwarf;
				ENABLE_STRICT_OBJC_MSGSEND = YES;
				ENABLE_TESTABILITY = YES;
				GCC_C_LANGUAGE_STANDARD = gnu99;
				GCC_DYNAMIC_NO_PIC = NO;
				GCC_NO_COMMON_BLOCKS = YES;
				GCC_OPTIMIZATION_LEVEL = 0;
				GCC_PREPROCESSOR_DEFINITIONS = (
					"DEBUG=1",
					"$(inherited)",
				);
				GCC_WARN_64_TO_32_BIT_CONVERSION = YES;
				GCC_WARN_ABOUT_RETURN_TYPE = YES_ERROR;
				GCC_WARN_UNDECLARED_SELECTOR = YES;
				GCC_WARN_UNINITIALIZED_AUTOS = YES_AGGRESSIVE;
				GCC_WARN_UNUSED_FUNCTION = YES;
				GCC_WARN_UNUSED_VARIABLE = YES;
				IPHONEOS_DEPLOYMENT_TARGET = 9.2;
				MTL_ENABLE_DEBUG_INFO = YES;
				ONLY_ACTIVE_ARCH = YES;
				SDKROOT = iphoneos;
				SWIFT_OPTIMIZATION_LEVEL = "-Onone";
				TARGETED_DEVICE_FAMILY = "1,2";
			};
			name = Debug;
		};
		55114DF51C7F55640071F3AA /* Release */ = {
			isa = XCBuildConfiguration;
			buildSettings = {
				ALWAYS_SEARCH_USER_PATHS = NO;
				CLANG_CXX_LANGUAGE_STANDARD = "gnu++0x";
				CLANG_CXX_LIBRARY = "libc++";
				CLANG_ENABLE_MODULES = YES;
				CLANG_ENABLE_OBJC_ARC = YES;
				CLANG_WARN_BOOL_CONVERSION = YES;
				CLANG_WARN_CONSTANT_CONVERSION = YES;
				CLANG_WARN_DIRECT_OBJC_ISA_USAGE = YES_ERROR;
				CLANG_WARN_EMPTY_BODY = YES;
				CLANG_WARN_ENUM_CONVERSION = YES;
				CLANG_WARN_INT_CONVERSION = YES;
				CLANG_WARN_OBJC_ROOT_CLASS = YES_ERROR;
				CLANG_WARN_UNREACHABLE_CODE = YES;
				CLANG_WARN__DUPLICATE_METHOD_MATCH = YES;
				"CODE_SIGN_IDENTITY[sdk=iphoneos*]" = "iPhone Developer";
				COPY_PHASE_STRIP = NO;
				DEBUG_INFORMATION_FORMAT = "dwarf-with-dsym";
				ENABLE_NS_ASSERTIONS = NO;
				ENABLE_STRICT_OBJC_MSGSEND = YES;
				GCC_C_LANGUAGE_STANDARD = gnu99;
				GCC_NO_COMMON_BLOCKS = YES;
				GCC_WARN_64_TO_32_BIT_CONVERSION = YES;
				GCC_WARN_ABOUT_RETURN_TYPE = YES_ERROR;
				GCC_WARN_UNDECLARED_SELECTOR = YES;
				GCC_WARN_UNINITIALIZED_AUTOS = YES_AGGRESSIVE;
				GCC_WARN_UNUSED_FUNCTION = YES;
				GCC_WARN_UNUSED_VARIABLE = YES;
				IPHONEOS_DEPLOYMENT_TARGET = 9.2;
				MTL_ENABLE_DEBUG_INFO = NO;
				SDKROOT = iphoneos;
				TARGETED_DEVICE_FAMILY = "1,2";
				VALIDATE_PRODUCT = YES;
			};
			name = Release;
		};
		55114DF71C7F55640071F3AA /* Debug */ = {
			isa = XCBuildConfiguration;
			buildSettings = {
				ASSETCATALOG_COMPILER_APPICON_NAME = AppIcon;
				CODE_SIGN_IDENTITY = "iPhone Developer";
				"CODE_SIGN_IDENTITY[sdk=iphoneos*]" = "iPhone Developer";
				INFOPLIST_FILE = movin_on/Info.plist;
				LD_RUNPATH_SEARCH_PATHS = "$(inherited) @executable_path/Frameworks";
				PRODUCT_BUNDLE_IDENTIFIER = "com.vincelandis.movin-on";
				PRODUCT_NAME = "$(TARGET_NAME)";
				PROVISIONING_PROFILE = "";
				TARGETED_DEVICE_FAMILY = "1,2";
			};
			name = Debug;
		};
		55114DF81C7F55640071F3AA /* Release */ = {
			isa = XCBuildConfiguration;
			buildSettings = {
				ASSETCATALOG_COMPILER_APPICON_NAME = AppIcon;
				CODE_SIGN_IDENTITY = "iPhone Developer";
				"CODE_SIGN_IDENTITY[sdk=iphoneos*]" = "iPhone Developer";
				INFOPLIST_FILE = movin_on/Info.plist;
				LD_RUNPATH_SEARCH_PATHS = "$(inherited) @executable_path/Frameworks";
				PRODUCT_BUNDLE_IDENTIFIER = "com.vincelandis.movin-on";
				PRODUCT_NAME = "$(TARGET_NAME)";
				PROVISIONING_PROFILE = "";
				TARGETED_DEVICE_FAMILY = "1,2";
			};
			name = Release;
		};
		55114DFA1C7F55640071F3AA /* Debug */ = {
			isa = XCBuildConfiguration;
			buildSettings = {
				BUNDLE_LOADER = "$(TEST_HOST)";
				INFOPLIST_FILE = movin_onTests/Info.plist;
				LD_RUNPATH_SEARCH_PATHS = "$(inherited) @executable_path/Frameworks @loader_path/Frameworks";
				PRODUCT_BUNDLE_IDENTIFIER = "com.vincelandis.movin-onTests";
				PRODUCT_NAME = "$(TARGET_NAME)";
				TEST_HOST = "$(BUILT_PRODUCTS_DIR)/movin_on.app/movin_on";
			};
			name = Debug;
		};
		55114DFB1C7F55640071F3AA /* Release */ = {
			isa = XCBuildConfiguration;
			buildSettings = {
				BUNDLE_LOADER = "$(TEST_HOST)";
				INFOPLIST_FILE = movin_onTests/Info.plist;
				LD_RUNPATH_SEARCH_PATHS = "$(inherited) @executable_path/Frameworks @loader_path/Frameworks";
				PRODUCT_BUNDLE_IDENTIFIER = "com.vincelandis.movin-onTests";
				PRODUCT_NAME = "$(TARGET_NAME)";
				TEST_HOST = "$(BUILT_PRODUCTS_DIR)/movin_on.app/movin_on";
			};
			name = Release;
		};
		55114DFD1C7F55640071F3AA /* Debug */ = {
			isa = XCBuildConfiguration;
			buildSettings = {
				INFOPLIST_FILE = movin_onUITests/Info.plist;
				LD_RUNPATH_SEARCH_PATHS = "$(inherited) @executable_path/Frameworks @loader_path/Frameworks";
				PRODUCT_BUNDLE_IDENTIFIER = "com.vincelandis.movin-onUITests";
				PRODUCT_NAME = "$(TARGET_NAME)";
				TEST_TARGET_NAME = movin_on;
				USES_XCTRUNNER = YES;
			};
			name = Debug;
		};
		55114DFE1C7F55640071F3AA /* Release */ = {
			isa = XCBuildConfiguration;
			buildSettings = {
				INFOPLIST_FILE = movin_onUITests/Info.plist;
				LD_RUNPATH_SEARCH_PATHS = "$(inherited) @executable_path/Frameworks @loader_path/Frameworks";
				PRODUCT_BUNDLE_IDENTIFIER = "com.vincelandis.movin-onUITests";
				PRODUCT_NAME = "$(TARGET_NAME)";
				TEST_TARGET_NAME = movin_on;
				USES_XCTRUNNER = YES;
			};
			name = Release;
		};
/* End XCBuildConfiguration section */

/* Begin XCConfigurationList section */
		55114DC91C7F55630071F3AA /* Build configuration list for PBXProject "movin_on" */ = {
			isa = XCConfigurationList;
			buildConfigurations = (
				55114DF41C7F55640071F3AA /* Debug */,
				55114DF51C7F55640071F3AA /* Release */,
			);
			defaultConfigurationIsVisible = 0;
			defaultConfigurationName = Release;
		};
		55114DF61C7F55640071F3AA /* Build configuration list for PBXNativeTarget "movin_on" */ = {
			isa = XCConfigurationList;
			buildConfigurations = (
				55114DF71C7F55640071F3AA /* Debug */,
				55114DF81C7F55640071F3AA /* Release */,
			);
			defaultConfigurationIsVisible = 0;
			defaultConfigurationName = Release;
		};
		55114DF91C7F55640071F3AA /* Build configuration list for PBXNativeTarget "movin_onTests" */ = {
			isa = XCConfigurationList;
			buildConfigurations = (
				55114DFA1C7F55640071F3AA /* Debug */,
				55114DFB1C7F55640071F3AA /* Release */,
			);
			defaultConfigurationIsVisible = 0;
			defaultConfigurationName = Release;
		};
		55114DFC1C7F55640071F3AA /* Build configuration list for PBXNativeTarget "movin_onUITests" */ = {
			isa = XCConfigurationList;
			buildConfigurations = (
				55114DFD1C7F55640071F3AA /* Debug */,
				55114DFE1C7F55640071F3AA /* Release */,
			);
			defaultConfigurationIsVisible = 0;
			defaultConfigurationName = Release;
		};
/* End XCConfigurationList section */
	};
	rootObject = 55114DC61C7F55630071F3AA /* Project object */;
}
